{
  "name": "utils",
  "version": "1.0.0",
  "lockfileVersion": 2,
  "requires": true,
  "packages": {
    "": {
      "name": "utils",
      "version": "1.0.0",
      "license": "ISC",
      "dependencies": {
        "fb-watchman": "^2.0.2",
        "watchman": "^1.0.0"
      }
    },
    "node_modules/bser": {
      "version": "2.1.1",
      "resolved": "https://registry.npmjs.org/bser/-/bser-2.1.1.tgz",
      "integrity": "sha512-gQxTNE/GAfIIrmHLUE3oJyp5FO6HRBfhjnw4/wMmA63ZGDJnWBmgY/lyQBpnDUkGmAhbSe39tx2d/iTOAfglwQ==",
      "dependencies": {
        "node-int64": "^0.4.0"
      }
    },
    "node_modules/fb-watchman": {
      "version": "2.0.2",
      "resolved": "https://registry.npmjs.org/fb-watchman/-/fb-watchman-2.0.2.tgz",
      "integrity": "sha512-p5161BqbuCaSnB8jIbzQHOlpgsPmK5rJVDfDKO91Axs5NC1uu3HRQm6wt9cd9/+GtQQIO53JdGXXoyDpTAsgYA==",
      "dependencies": {
        "bser": "2.1.1"
      }
    },
    "node_modules/node-int64": {
      "version": "0.4.0",
      "resolved": "https://registry.npmjs.org/node-int64/-/node-int64-0.4.0.tgz",
      "integrity": "sha512-O5lz91xSOeoXP6DulyHfllpq+Eg00MWitZIbtPfoSEvqIHdl5gfcY6hYzDWnj0qD5tz52PI08u9qUvSVeUBeHw=="
    },
    "node_modules/watchman": {
      "version": "1.0.0",
      "resolved": "https://registry.npmjs.org/watchman/-/watchman-1.0.0.tgz",
      "integrity": "sha512-f7sP6DSVQzNUAXIBctvYyJyq6/j/FtWoEn6yh/Ot/E14a3am7JMH0tygWt6iE+T+DT+BNOUAT3hM/gZ7W9Ycmw==",
      "deprecated": "Package no longer supported. Contact support@npmjs.com for more info."
    }
  },
  "dependencies": {
    "bser": {
      "version": "2.1.1",
      "resolved": "https://registry.npmjs.org/bser/-/bser-2.1.1.tgz",
      "integrity": "sha512-gQxTNE/GAfIIrmHLUE3oJyp5FO6HRBfhjnw4/wMmA63ZGDJnWBmgY/lyQBpnDUkGmAhbSe39tx2d/iTOAfglwQ==",
      "requires": {
        "node-int64": "^0.4.0"
      }
    },
    "fb-watchman": {
      "version": "2.0.2",
      "resolved": "https://registry.npmjs.org/fb-watchman/-/fb-watchman-2.0.2.tgz",
      "integrity": "sha512-p5161BqbuCaSnB8jIbzQHOlpgsPmK5rJVDfDKO91Axs5NC1uu3HRQm6wt9cd9/+GtQQIO53JdGXXoyDpTAsgYA==",
      "requires": {
        "bser": "2.1.1"
      }
    },
    "node-int64": {
      "version": "0.4.0",
      "resolved": "https://registry.npmjs.org/node-int64/-/node-int64-0.4.0.tgz",
      "integrity": "sha512-O5lz91xSOeoXP6DulyHfllpq+Eg00MWitZIbtPfoSEvqIHdl5gfcY6hYzDWnj0qD5tz52PI08u9qUvSVeUBeHw=="
    },
    "watchman": {
      "version": "1.0.0",
      "resolved": "https://registry.npmjs.org/watchman/-/watchman-1.0.0.tgz",
      "integrity": "sha512-f7sP6DSVQzNUAXIBctvYyJyq6/j/FtWoEn6yh/Ot/E14a3am7JMH0tygWt6iE+T+DT+BNOUAT3hM/gZ7W9Ycmw=="
    }
  }
}
