# THIS IS AN AUTOGENERATED FILE. DO NOT EDIT THIS FILE DIRECTLY.
# yarn lockfile v1


bser@2.1.1:
  version "2.1.1"
  resolved "https://registry.yarnpkg.com/bser/-/bser-2.1.1.tgz#e6787da20ece9d07998533cfd9de6f5c38f4bc05"
  integrity sha512-gQxTNE/GAfIIrmHLUE3oJyp5FO6HRBfhjnw4/wMmA63ZGDJnWBmgY/lyQBpnDUkGmAhbSe39tx2d/iTOAfglwQ==
  dependencies:
    node-int64 "^0.4.0"

fb-watchman@^2.0.2:
  version "2.0.2"
  resolved "https://registry.yarnpkg.com/fb-watchman/-/fb-watchman-2.0.2.tgz#e9524ee6b5c77e9e5001af0f85f3adbb8623255c"
  integrity sha512-p5161BqbuCaSnB8jIbzQHOlpgsPmK5rJVDfDKO91Axs5NC1uu3HRQm6wt9cd9/+GtQQIO53JdGXXoyDpTAsgYA==
  dependencies:
    bser "2.1.1"

node-int64@^0.4.0:
  version "0.4.0"
  resolved "https://registry.yarnpkg.com/node-int64/-/node-int64-0.4.0.tgz#87a9065cdb355d3182d8f94ce11188b825c68a3b"
  integrity sha512-O5lz91xSOeoXP6DulyHfllpq+Eg00MWitZIbtPfoSEvqIHdl5gfcY6hYzDWnj0qD5tz52PI08u9qUvSVeUBeHw==

watchman@^1.0.0:
  version "1.0.0"
  resolved "https://registry.yarnpkg.com/watchman/-/watchman-1.0.0.tgz#a800f815957952ed9229c54610fb4a26897d2c21"
  integrity sha512-f7sP6DSVQzNUAXIBctvYyJyq6/j/FtWoEn6yh/Ot/E14a3am7JMH0tygWt6iE+T+DT+BNOUAT3hM/gZ7W9Ycmw==
